
Microsoft Visual Studio Solution File, Format Version 12.00
# Visual Studio Version 18
VisualStudioVersion = 18.0.11217.181
MinimumVisualStudioVersion = 10.0.40219.1
Project("{2150E333-8FDC-42A3-9474-1A3956D46DE8}") = "tests", "tests", "{0AB3BF05-4346-4AA6-1389-037BE0695223}"
EndProject
Project("{FAE04EC0-301F-11D3-BF4B-00C04F79EFBC}") = "WorkerSagaDemo.Tests", "tests\WorkerSagaDemo.Tests\WorkerSagaDemo.Tests.csproj", "{563FF7C6-CA9F-4BF2-85AE-7355BF769A60}"
EndProject
Project("{2150E333-8FDC-42A3-9474-1A3956D46DE8}") = "src", "src", "{827E0CD3-B72D-47B6-A68D-7590B98EB39B}"
EndProject
Project("{FAE04EC0-301F-11D3-BF4B-00C04F79EFBC}") = "WorkerSagaDemo.Api", "src\WorkerSagaDemo.Api\WorkerSagaDemo.Api.csproj", "{BC41F06B-A167-4627-8106-75AA16008240}"
EndProject
Project("{FAE04EC0-301F-11D3-BF4B-00C04F79EFBC}") = "WorkerSagaDemo.Contracts", "src\WorkerSagaDemo.Contracts\WorkerSagaDemo.Contracts.csproj", "{F3B35FBA-4F9A-4A44-A22B-45BF76774632}"
EndProject
Project("{FAE04EC0-301F-11D3-BF4B-00C04F79EFBC}") = "WorkerSagaDemo.Worker", "src\WorkerSagaDemo.Worker\WorkerSagaDemo.Worker.csproj", "{C72A687D-D34A-4720-B6E0-32B81FB6640A}"
EndProject
Global
	GlobalSection(SolutionConfigurationPlatforms) = preSolution
		Debug|Any CPU = Debug|Any CPU
		Debug|x64 = Debug|x64
		Debug|x86 = Debug|x86
		Release|Any CPU = Release|Any CPU
		Release|x64 = Release|x64
		Release|x86 = Release|x86
	EndGlobalSection
	GlobalSection(ProjectConfigurationPlatforms) = postSolution
		{563FF7C6-CA9F-4BF2-85AE-7355BF769A60}.Debug|Any CPU.ActiveCfg = Debug|Any CPU
		{563FF7C6-CA9F-4BF2-85AE-7355BF769A60}.Debug|Any CPU.Build.0 = Debug|Any CPU
		{563FF7C6-CA9F-4BF2-85AE-7355BF769A60}.Debug|x64.ActiveCfg = Debug|Any CPU
		{563FF7C6-CA9F-4BF2-85AE-7355BF769A60}.Debug|x64.Build.0 = Debug|Any CPU
		{563FF7C6-CA9F-4BF2-85AE-7355BF769A60}.Debug|x86.ActiveCfg = Debug|Any CPU
		{563FF7C6-CA9F-4BF2-85AE-7355BF769A60}.Debug|x86.Build.0 = Debug|Any CPU
		{563FF7C6-CA9F-4BF2-85AE-7355BF769A60}.Release|Any CPU.ActiveCfg = Release|Any CPU
		{563FF7C6-CA9F-4BF2-85AE-7355BF769A60}.Release|Any CPU.Build.0 = Release|Any CPU
		{563FF7C6-CA9F-4BF2-85AE-7355BF769A60}.Release|x64.ActiveCfg = Release|Any CPU
		{563FF7C6-CA9F-4BF2-85AE-7355BF769A60}.Release|x64.Build.0 = Release|Any CPU
		{563FF7C6-CA9F-4BF2-85AE-7355BF769A60}.Release|x86.ActiveCfg = Release|Any CPU
		{563FF7C6-CA9F-4BF2-85AE-7355BF769A60}.Release|x86.Build.0 = Release|Any CPU
		{BC41F06B-A167-4627-8106-75AA16008240}.Debug|Any CPU.ActiveCfg = Debug|Any CPU
		{BC41F06B-A167-4627-8106-75AA16008240}.Debug|Any CPU.Build.0 = Debug|Any CPU
		{BC41F06B-A167-4627-8106-75AA16008240}.Debug|x64.ActiveCfg = Debug|Any CPU
		{BC41F06B-A167-4627-8106-75AA16008240}.Debug|x64.Build.0 = Debug|Any CPU
		{BC41F06B-A167-4627-8106-75AA16008240}.Debug|x86.ActiveCfg = Debug|Any CPU
		{BC41F06B-A167-4627-8106-75AA16008240}.Debug|x86.Build.0 = Debug|Any CPU
		{BC41F06B-A167-4627-8106-75AA16008240}.Release|Any CPU.ActiveCfg = Release|Any CPU
		{BC41F06B-A167-4627-8106-75AA16008240}.Release|Any CPU.Build.0 = Release|Any CPU
		{BC41F06B-A167-4627-8106-75AA16008240}.Release|x64.ActiveCfg = Release|Any CPU
		{BC41F06B-A167-4627-8106-75AA16008240}.Release|x64.Build.0 = Release|Any CPU
		{BC41F06B-A167-4627-8106-75AA16008240}.Release|x86.ActiveCfg = Release|Any CPU
		{BC41F06B-A167-4627-8106-75AA16008240}.Release|x86.Build.0 = Release|Any CPU
		{F3B35FBA-4F9A-4A44-A22B-45BF76774632}.Debug|Any CPU.ActiveCfg = Debug|Any CPU
		{F3B35FBA-4F9A-4A44-A22B-45BF76774632}.Debug|Any CPU.Build.0 = Debug|Any CPU
		{F3B35FBA-4F9A-4A44-A22B-45BF76774632}.Debug|x64.ActiveCfg = Debug|Any CPU
		{F3B35FBA-4F9A-4A44-A22B-45BF76774632}.Debug|x64.Build.0 = Debug|Any CPU
		{F3B35FBA-4F9A-4A44-A22B-45BF76774632}.Debug|x86.ActiveCfg = Debug|Any CPU
		{F3B35FBA-4F9A-4A44-A22B-45BF76774632}.Debug|x86.Build.0 = Debug|Any CPU
		{F3B35FBA-4F9A-4A44-A22B-45BF76774632}.Release|Any CPU.ActiveCfg = Release|Any CPU
		{F3B35FBA-4F9A-4A44-A22B-45BF76774632}.Release|Any CPU.Build.0 = Release|Any CPU
		{F3B35FBA-4F9A-4A44-A22B-45BF76774632}.Release|x64.ActiveCfg = Release|Any CPU
		{F3B35FBA-4F9A-4A44-A22B-45BF76774632}.Release|x64.Build.0 = Release|Any CPU
		{F3B35FBA-4F9A-4A44-A22B-45BF76774632}.Release|x86.ActiveCfg = Release|Any CPU
		{F3B35FBA-4F9A-4A44-A22B-45BF76774632}.Release|x86.Build.0 = Release|Any CPU
		{C72A687D-D34A-4720-B6E0-32B81FB6640A}.Debug|Any CPU.ActiveCfg = Debug|Any CPU
		{C72A687D-D34A-4720-B6E0-32B81FB6640A}.Debug|Any CPU.Build.0 = Debug|Any CPU
		{C72A687D-D34A-4720-B6E0-32B81FB6640A}.Debug|x64.ActiveCfg = Debug|Any CPU
		{C72A687D-D34A-4720-B6E0-32B81FB6640A}.Debug|x64.Build.0 = Debug|Any CPU
		{C72A687D-D34A-4720-B6E0-32B81FB6640A}.Debug|x86.ActiveCfg = Debug|Any CPU
		{C72A687D-D34A-4720-B6E0-32B81FB6640A}.Debug|x86.Build.0 = Debug|Any CPU
		{C72A687D-D34A-4720-B6E0-32B81FB6640A}.Release|Any CPU.ActiveCfg = Release|Any CPU
		{C72A687D-D34A-4720-B6E0-32B81FB6640A}.Release|Any CPU.Build.0 = Release|Any CPU
		{C72A687D-D34A-4720-B6E0-32B81FB6640A}.Release|x64.ActiveCfg = Release|Any CPU
		{C72A687D-D34A-4720-B6E0-32B81FB6640A}.Release|x64.Build.0 = Release|Any CPU
		{C72A687D-D34A-4720-B6E0-32B81FB6640A}.Release|x86.ActiveCfg = Release|Any CPU
		{C72A687D-D34A-4720-B6E0-32B81FB6640A}.Release|x86.Build.0 = Release|Any CPU
	EndGlobalSection
	GlobalSection(SolutionProperties) = preSolution
		HideSolutionNode = FALSE
	EndGlobalSection
	GlobalSection(NestedProjects) = preSolution
		{563FF7C6-CA9F-4BF2-85AE-7355BF769A60} = {0AB3BF05-4346-4AA6-1389-037BE0695223}
		{BC41F06B-A167-4627-8106-75AA16008240} = {827E0CD3-B72D-47B6-A68D-7590B98EB39B}
		{F3B35FBA-4F9A-4A44-A22B-45BF76774632} = {827E0CD3-B72D-47B6-A68D-7590B98EB39B}
		{C72A687D-D34A-4720-B6E0-32B81FB6640A} = {827E0CD3-B72D-47B6-A68D-7590B98EB39B}
	EndGlobalSection
EndGlobal
